
Microsoft Visual Studio Solution File, Format Version 12.00
# Visual Studio 15
VisualStudioVersion = 15.0.28307.421
MinimumVisualStudioVersion = 10.0.40219.1
Project("{FAE04EC0-301F-11D3-BF4B-00C04F79EFBC}") = "LatihanArray", "LatihanArray\LatihanArray.csproj", "{5D32E1B0-E30A-4172-B46D-1DDD43A6BF15}"
EndProject
Global
	GlobalSection(SolutionConfigurationPlatforms) = preSolution
		Debug|Any CPU = Debug|Any CPU
		Release|Any CPU = Release|Any CPU
	EndGlobalSection
	GlobalSection(ProjectConfigurationPlatforms) = postSolution
		{5D32E1B0-E30A-4172-B46D-1DDD43A6BF15}.Debug|Any CPU.ActiveCfg = Debug|Any CPU
		{5D32E1B0-E30A-4172-B46D-1DDD43A6BF15}.Debug|Any CPU.Build.0 = Debug|Any CPU
		{5D32E1B0-E30A-4172-B46D-1DDD43A6BF15}.Release|Any CPU.ActiveCfg = Release|Any CPU
		{5D32E1B0-E30A-4172-B46D-1DDD43A6BF15}.Release|Any CPU.Build.0 = Release|Any CPU
	EndGlobalSection
	GlobalSection(SolutionProperties) = preSolution
		HideSolutionNode = FALSE
	EndGlobalSection
	GlobalSection(ExtensibilityGlobals) = postSolution
		SolutionGuid = {054E6317-7D64-4735-988B-65B18788ACE1}
	EndGlobalSection
EndGlobal
